
Microsoft Visual Studio Solution File, Format Version 12.00
# Visual Studio Version 17
VisualStudioVersion = 17.4.33213.308
MinimumVisualStudioVersion = 10.0.40219.1
Project("{FAE04EC0-301F-11D3-BF4B-00C04F79EFBC}") = "poe progs 3", "poe progs 3\poe progs 3.csproj", "{DD459887-39C7-4EB3-8DEE-E31B0F148025}"
EndProject
Global
	GlobalSection(SolutionConfigurationPlatforms) = preSolution
		Debug|Any CPU = Debug|Any CPU
		Release|Any CPU = Release|Any CPU
	EndGlobalSection
	GlobalSection(ProjectConfigurationPlatforms) = postSolution
		{DD459887-39C7-4EB3-8DEE-E31B0F148025}.Debug|Any CPU.ActiveCfg = Debug|Any CPU
		{DD459887-39C7-4EB3-8DEE-E31B0F148025}.Debug|Any CPU.Build.0 = Debug|Any CPU
		{DD459887-39C7-4EB3-8DEE-E31B0F148025}.Release|Any CPU.ActiveCfg = Release|Any CPU
		{DD459887-39C7-4EB3-8DEE-E31B0F148025}.Release|Any CPU.Build.0 = Release|Any CPU
	EndGlobalSection
	GlobalSection(SolutionProperties) = preSolution
		HideSolutionNode = FALSE
	EndGlobalSection
	GlobalSection(ExtensibilityGlobals) = postSolution
		SolutionGuid = {4506DDA3-2ED7-4528-8CE7-A63AEDCEF84B}
	EndGlobalSection
EndGlobal
